{
	"name": "@writing-tool/slate-plugins-system",
	"version": "0.1.0",
	"lockfileVersion": 1,
	"requires": true,
	"dependencies": {
		"@types/esrever": {
			"version": "0.2.0",
			"resolved": "https://registry.npmjs.org/@types/esrever/-/esrever-0.2.0.tgz",
			"integrity": "sha512-5NI6TeGzVEy/iBcuYtcPzzIC6EqlfQ2+UZ54vT0ulq8bPNGAy8UJD+XcsAyEOcnYFUjOVWuUV+k4/rVkxt9/XQ=="
		},
		"@types/is-hotkey": {
			"version": "0.1.1",
			"resolved": "https://registry.npmjs.org/@types/is-hotkey/-/is-hotkey-0.1.1.tgz",
			"integrity": "sha512-QzVKww91fJv/KzARJBS/Im5GS2A8iE64E1HxOed72EmYOvPLG4PBw77QCIUjFl7VwWB3G/SVrxsHedJD/wtn1A=="
		},
		"@types/lodash": {
			"version": "4.14.149",
			"resolved": "https://registry.npmjs.org/@types/lodash/-/lodash-4.14.149.tgz",
			"integrity": "sha512-ijGqzZt/b7BfzcK9vTrS6MFljQRPn5BFWOx8oE0GYxribu6uV+aA9zZuXI1zc/etK9E8nrgdoF2+LgUw7+9tJQ=="
		},
		"compute-scroll-into-view": {
			"version": "1.0.13",
			"resolved": "https://registry.npmjs.org/compute-scroll-into-view/-/compute-scroll-into-view-1.0.13.tgz",
			"integrity": "sha512-o+w9w7A98aAFi/GjK8cxSV+CdASuPa2rR5UWs3+yHkJzWqaKoBEufFNWYaXInCSmUfDCVhesG+v9MTWqOjsxFg=="
		},
		"direction": {
			"version": "1.0.4",
			"resolved": "https://registry.npmjs.org/direction/-/direction-1.0.4.tgz",
			"integrity": "sha512-GYqKi1aH7PJXxdhTeZBFrg8vUBeKXi+cNprXsC1kpJcbcVnV9wBsrOu1cQEdG0WeQwlfHiy3XvnKfIrJ2R0NzQ=="
		},
		"esrever": {
			"version": "0.2.0",
			"resolved": "https://registry.npmjs.org/esrever/-/esrever-0.2.0.tgz",
			"integrity": "sha1-lunSj08bGnZ4TNXUkOquAQ50B7g="
		},
		"immer": {
			"version": "5.3.6",
			"resolved": "https://registry.npmjs.org/immer/-/immer-5.3.6.tgz",
			"integrity": "sha512-pqWQ6ozVfNOUDjrLfm4Pt7q4Q12cGw2HUZgry4Q5+Myxu9nmHRkWBpI0J4+MK0AxbdFtdMTwEGVl7Vd+vEiK+A=="
		},
		"is-hotkey": {
			"version": "0.1.6",
			"resolved": "https://registry.npmjs.org/is-hotkey/-/is-hotkey-0.1.6.tgz",
			"integrity": "sha512-1+hMr0GLPM0M49UDRt9RgE8i+SM29UY4AGRP6sGz6fThOVXqSrEvTMakolhHMcVizJnPNAoMpEmE+Oi1k2NrZQ=="
		},
		"is-plain-object": {
			"version": "3.0.0",
			"resolved": "https://registry.npmjs.org/is-plain-object/-/is-plain-object-3.0.0.tgz",
			"integrity": "sha512-tZIpofR+P05k8Aocp7UI/2UTa9lTJSebCXpFFoR9aibpokDj/uXBsJ8luUu0tTVYKkMU6URDUuOfJZ7koewXvg==",
			"requires": {
				"isobject": "^4.0.0"
			}
		},
		"isobject": {
			"version": "4.0.0",
			"resolved": "https://registry.npmjs.org/isobject/-/isobject-4.0.0.tgz",
			"integrity": "sha512-S/2fF5wH8SJA/kmwr6HYhK/RI/OkhD84k8ntalo0iJjZikgq1XFvR5M8NPT1x5F7fBwCG3qHfnzeP/Vh/ZxCUA=="
		},
		"scroll-into-view-if-needed": {
			"version": "2.2.24",
			"resolved": "https://registry.npmjs.org/scroll-into-view-if-needed/-/scroll-into-view-if-needed-2.2.24.tgz",
			"integrity": "sha512-vsC6SzyIZUyJG8o4nbUDCiIwsPdH6W/FVmjT2avR2hp/yzS53JjGmg/bKD20TkoNajbu5dAQN4xR7yes4qhwtQ==",
			"requires": {
				"compute-scroll-into-view": "^1.0.13"
			}
		},
		"slate": {
			"version": "github:hadrysmateusz/slate#53b02eb6b9bdcaa0ffd3b3800594d328bb6dbb93",
			"from": "github:hadrysmateusz/slate#slate-v0.57.1-gitpkg",
			"requires": {
				"@types/esrever": "^0.2.0",
				"esrever": "^0.2.0",
				"immer": "^5.0.0",
				"is-plain-object": "^3.0.0",
				"tiny-warning": "^1.0.3"
			}
		},
		"slate-react": {
			"version": "github:hadrysmateusz/slate#dc04e7fe0e695b4ea2faf0acfa51a0b476791f6c",
			"from": "github:hadrysmateusz/slate#slate-react-v0.57.1-gitpkg",
			"requires": {
				"@types/is-hotkey": "^0.1.1",
				"@types/lodash": "^4.14.149",
				"direction": "^1.0.3",
				"is-hotkey": "^0.1.6",
				"is-plain-object": "^3.0.0",
				"lodash": "^4.17.4",
				"scroll-into-view-if-needed": "^2.2.20"
			},
			"dependencies": {
				"lodash": {
					"version": "4.17.15",
					"resolved": "https://registry.npmjs.org/lodash/-/lodash-4.17.15.tgz",
					"integrity": "sha512-8xOcRHvCjnocdS5cpwXQXVzmmh5e5+saE2QGoeQmbKmRS6J3VQppPOIt0MnmE+4xlZoumy0GPG0D0MVIQbNA1A=="
				}
			}
		},
		"tiny-warning": {
			"version": "1.0.3",
			"resolved": "https://registry.npmjs.org/tiny-warning/-/tiny-warning-1.0.3.tgz",
			"integrity": "sha512-lBN9zLN/oAf68o3zNXYrdCt1kP8WsiGW8Oo2ka41b2IM5JL/S1CTyX1rW0mb/zSuJun0ZUrDxx4sqvYS2FWzPA=="
		}
	}
}
